
Microsoft Visual Studio Solution File, Format Version 12.00
Project("{FAE04EC0-301F-11D3-BF4B-00C04F79EFBC}") = "MutexDockerTest", "MutexDockerTest\MutexDockerTest.csproj", "{9D327CF3-BB3D-43D6-B695-8525F9082432}"
EndProject
Global
	GlobalSection(SolutionConfigurationPlatforms) = preSolution
		Debug|Any CPU = Debug|Any CPU
		Release|Any CPU = Release|Any CPU
	EndGlobalSection
	GlobalSection(ProjectConfigurationPlatforms) = postSolution
		{9D327CF3-BB3D-43D6-B695-8525F9082432}.Debug|Any CPU.ActiveCfg = Debug|Any CPU
		{9D327CF3-BB3D-43D6-B695-8525F9082432}.Debug|Any CPU.Build.0 = Debug|Any CPU
		{9D327CF3-BB3D-43D6-B695-8525F9082432}.Release|Any CPU.ActiveCfg = Release|Any CPU
		{9D327CF3-BB3D-43D6-B695-8525F9082432}.Release|Any CPU.Build.0 = Release|Any CPU
	EndGlobalSection
EndGlobal
